
Microsoft Visual Studio Solution File, Format Version 12.00
# Visual Studio 2013
VisualStudioVersion = 12.0.40629.0
MinimumVisualStudioVersion = 10.0.40219.1
Project("{FAE04EC0-301F-11D3-BF4B-00C04F79EFBC}") = "wri-webapi", "wri-webapi.csproj", "{B4F9C525-5C56-440E-B4C2-972A33D7C8CD}"
EndProject
Project("{FAE04EC0-301F-11D3-BF4B-00C04F79EFBC}") = "wri-webapi.tests", "..\wri-webapi.tests\wri-webapi.tests.csproj", "{E8314730-FDB4-4F9A-8102-FA33E61600CA}"
EndProject
Project("{FAE04EC0-301F-11D3-BF4B-00C04F79EFBC}") = "wri-soe", "..\wri-soe\wri-soe.csproj", "{7E08C38B-748F-4B2B-A76D-86B726060B02}"
EndProject
Project("{FAE04EC0-301F-11D3-BF4B-00C04F79EFBC}") = "wri-shared", "wri-shared\wri-shared.csproj", "{BEB97FB2-2C6E-4EFE-BC39-22B07292FBAE}"
EndProject
Project("{2150E333-8FDC-42A3-9474-1A3956D46DE8}") = "Solution Items", "Solution Items", "{0C5389F8-9E3C-41CC-AA6E-0A83935C820A}"
	ProjectSection(SolutionItems) = preProject
		..\wri-soe\PublishSoe.py = ..\wri-soe\PublishSoe.py
	EndProjectSection
EndProject
Global
	GlobalSection(SolutionConfigurationPlatforms) = preSolution
		Debug|Any CPU = Debug|Any CPU
		DEV|Any CPU = DEV|Any CPU
		Release|Any CPU = Release|Any CPU
		WRI_SPATIAL|Any CPU = WRI_SPATIAL|Any CPU
	EndGlobalSection
	GlobalSection(ProjectConfigurationPlatforms) = postSolution
		{B4F9C525-5C56-440E-B4C2-972A33D7C8CD}.Debug|Any CPU.ActiveCfg = Debug|Any CPU
		{B4F9C525-5C56-440E-B4C2-972A33D7C8CD}.Debug|Any CPU.Build.0 = Debug|Any CPU
		{B4F9C525-5C56-440E-B4C2-972A33D7C8CD}.DEV|Any CPU.ActiveCfg = DEV|Any CPU
		{B4F9C525-5C56-440E-B4C2-972A33D7C8CD}.DEV|Any CPU.Build.0 = DEV|Any CPU
		{B4F9C525-5C56-440E-B4C2-972A33D7C8CD}.Release|Any CPU.ActiveCfg = Release|Any CPU
		{B4F9C525-5C56-440E-B4C2-972A33D7C8CD}.Release|Any CPU.Build.0 = Release|Any CPU
		{B4F9C525-5C56-440E-B4C2-972A33D7C8CD}.WRI_SPATIAL|Any CPU.ActiveCfg = WRI_SPATIAL|Any CPU
		{B4F9C525-5C56-440E-B4C2-972A33D7C8CD}.WRI_SPATIAL|Any CPU.Build.0 = WRI_SPATIAL|Any CPU
		{E8314730-FDB4-4F9A-8102-FA33E61600CA}.Debug|Any CPU.ActiveCfg = Debug|Any CPU
		{E8314730-FDB4-4F9A-8102-FA33E61600CA}.Debug|Any CPU.Build.0 = Debug|Any CPU
		{E8314730-FDB4-4F9A-8102-FA33E61600CA}.DEV|Any CPU.ActiveCfg = DEV|Any CPU
		{E8314730-FDB4-4F9A-8102-FA33E61600CA}.DEV|Any CPU.Build.0 = DEV|Any CPU
		{E8314730-FDB4-4F9A-8102-FA33E61600CA}.Release|Any CPU.ActiveCfg = Release|Any CPU
		{E8314730-FDB4-4F9A-8102-FA33E61600CA}.Release|Any CPU.Build.0 = Release|Any CPU
		{E8314730-FDB4-4F9A-8102-FA33E61600CA}.WRI_SPATIAL|Any CPU.ActiveCfg = WRI_SPATIAL|Any CPU
		{E8314730-FDB4-4F9A-8102-FA33E61600CA}.WRI_SPATIAL|Any CPU.Build.0 = WRI_SPATIAL|Any CPU
		{7E08C38B-748F-4B2B-A76D-86B726060B02}.Debug|Any CPU.ActiveCfg = Debug|Any CPU
		{7E08C38B-748F-4B2B-A76D-86B726060B02}.Debug|Any CPU.Build.0 = Debug|Any CPU
		{7E08C38B-748F-4B2B-A76D-86B726060B02}.DEV|Any CPU.ActiveCfg = DEV|Any CPU
		{7E08C38B-748F-4B2B-A76D-86B726060B02}.DEV|Any CPU.Build.0 = DEV|Any CPU
		{7E08C38B-748F-4B2B-A76D-86B726060B02}.Release|Any CPU.ActiveCfg = Release|Any CPU
		{7E08C38B-748F-4B2B-A76D-86B726060B02}.Release|Any CPU.Build.0 = Release|Any CPU
		{7E08C38B-748F-4B2B-A76D-86B726060B02}.WRI_SPATIAL|Any CPU.ActiveCfg = WRI_SPATIAL|Any CPU
		{7E08C38B-748F-4B2B-A76D-86B726060B02}.WRI_SPATIAL|Any CPU.Build.0 = WRI_SPATIAL|Any CPU
		{BEB97FB2-2C6E-4EFE-BC39-22B07292FBAE}.Debug|Any CPU.ActiveCfg = Debug|Any CPU
		{BEB97FB2-2C6E-4EFE-BC39-22B07292FBAE}.Debug|Any CPU.Build.0 = Debug|Any CPU
		{BEB97FB2-2C6E-4EFE-BC39-22B07292FBAE}.DEV|Any CPU.ActiveCfg = DEV|Any CPU
		{BEB97FB2-2C6E-4EFE-BC39-22B07292FBAE}.DEV|Any CPU.Build.0 = DEV|Any CPU
		{BEB97FB2-2C6E-4EFE-BC39-22B07292FBAE}.Release|Any CPU.ActiveCfg = Release|Any CPU
		{BEB97FB2-2C6E-4EFE-BC39-22B07292FBAE}.Release|Any CPU.Build.0 = Release|Any CPU
		{BEB97FB2-2C6E-4EFE-BC39-22B07292FBAE}.WRI_SPATIAL|Any CPU.ActiveCfg = WRI_SPATIAL|Any CPU
		{BEB97FB2-2C6E-4EFE-BC39-22B07292FBAE}.WRI_SPATIAL|Any CPU.Build.0 = WRI_SPATIAL|Any CPU
	EndGlobalSection
	GlobalSection(SolutionProperties) = preSolution
		HideSolutionNode = FALSE
	EndGlobalSection
EndGlobal
